
Microsoft Visual Studio Solution File, Format Version 12.00
# Visual Studio 15
VisualStudioVersion = 15.0.28307.168
MinimumVisualStudioVersion = 10.0.40219.1
Project("{FAE04EC0-301F-11D3-BF4B-00C04F79EFBC}") = "Preventivi", "Preventivi\Preventivi.csproj", "{C1F99FB2-E871-4394-ACE3-EBA5EEA6CF51}"
EndProject
Project("{FAE04EC0-301F-11D3-BF4B-00C04F79EFBC}") = "Applicazioni.Data", "Aplicazioni.Data\Applicazioni.Data.csproj", "{1A2FF071-6851-4CED-8851-976E881E9E9D}"
EndProject
Project("{FAE04EC0-301F-11D3-BF4B-00C04F79EFBC}") = "Applicazioni.Entities", "Applicazioni.Entities\Applicazioni.Entities.csproj", "{269B87B7-7CE6-4441-A66B-93B60C78B8C9}"
EndProject
Project("{FAE04EC0-301F-11D3-BF4B-00C04F79EFBC}") = "Applicazioni.Common", "Applicazioni.Common\Applicazioni.Common.csproj", "{54F6C463-9F23-4199-B679-07E1E099AAE6}"
EndProject
Project("{FAE04EC0-301F-11D3-BF4B-00C04F79EFBC}") = "Applicazioni.BLL", "Applicazioni.BLL\Applicazioni.BLL.csproj", "{EE28EE16-BE7B-4D2B-972B-4C0607376ADE}"
EndProject
Project("{FAE04EC0-301F-11D3-BF4B-00C04F79EFBC}") = "Applicazioni.Helpers", "Applicazioni.Helpers\Applicazioni.Helpers.csproj", "{D5B7F1D5-AE8D-4BBE-B139-4255932718F6}"
EndProject
Project("{FAE04EC0-301F-11D3-BF4B-00C04F79EFBC}") = "Trasferimenti", "Trasferimenti\Trasferimenti.csproj", "{12CB20BB-2B80-4A3E-A063-DC0E45DD7C00}"
EndProject
Project("{FAE04EC0-301F-11D3-BF4B-00C04F79EFBC}") = "TrasferimentiService", "TrasferimentiService\TrasferimentiService.csproj", "{5C6A999E-4DFD-401E-8F31-9312FDA72582}"
EndProject
Project("{FAE04EC0-301F-11D3-BF4B-00C04F79EFBC}") = "GalvanicaFrm", "GalvanicaFrm\GalvanicaFrm.csproj", "{567732B7-DB27-4EB7-8B87-FCB5E98245AF}"
EndProject
Project("{FAE04EC0-301F-11D3-BF4B-00C04F79EFBC}") = "AACPGFrm", "AACPGFrm\AACPGFrm.csproj", "{F46F17BA-B13A-4567-A59F-3C1F1F42EF0F}"
EndProject
Project("{FAE04EC0-301F-11D3-BF4B-00C04F79EFBC}") = "Applicazioni.Models", "Applicazioni.Models\Applicazioni.Models.csproj", "{AC6DBB31-E034-48B9-A242-EF174F575B0D}"
EndProject
Project("{FAE04EC0-301F-11D3-BF4B-00C04F79EFBC}") = "Applicazioni.Proxies", "Applicazioni.Proxies\Applicazioni.Proxies.csproj", "{8192714C-2470-434E-91D2-52BD58D84758}"
EndProject
Project("{FAE04EC0-301F-11D3-BF4B-00C04F79EFBC}") = "ValorizzazioniFrm", "ValorizzazioniFrm\ValorizzazioniFrm.csproj", "{05089BFB-FD4A-416E-8998-F32F947D6A99}"
EndProject
Project("{FAE04EC0-301F-11D3-BF4B-00C04F79EFBC}") = "Preventivatore", "Preventivatore\Preventivatore.csproj", "{A6D55645-3D7D-40DF-9578-69E39CD70ED7}"
EndProject
Project("{FAE04EC0-301F-11D3-BF4B-00C04F79EFBC}") = "Applicazioni.Security", "Applicazioni.Security\Applicazioni.Security.csproj", "{ADD30CDE-2A62-465B-8542-D109E09B97A4}"
EndProject
Project("{FAE04EC0-301F-11D3-BF4B-00C04F79EFBC}") = "AnalisiOrdiniVendita", "AnalisiOrdiniVendita\AnalisiOrdiniVendita.csproj", "{90D6F77E-4E32-453A-B04F-25078141F618}"
EndProject
Project("{FAE04EC0-301F-11D3-BF4B-00C04F79EFBC}") = "TrasferimentiWeb", "TrasferimentiWeb\TrasferimentiWeb.csproj", "{158709E9-4A2C-4712-BB99-D773F4DB7455}"
EndProject
Project("{FAE04EC0-301F-11D3-BF4B-00C04F79EFBC}") = "SpedizioniFrm", "SpedizioniFrm\SpedizioniFrm.csproj", "{05C9B736-F5C1-46A6-BEB3-C086AE96FFA5}"
EndProject
Project("{FAE04EC0-301F-11D3-BF4B-00C04F79EFBC}") = "EDIFornitori", "EDIFornitori\EDIFornitori.csproj", "{1FF496E8-9FAE-454E-B8D2-069EF8628098}"
EndProject
Project("{FAE04EC0-301F-11D3-BF4B-00C04F79EFBC}") = "FlussoFatture", "FlussoFatture\FlussoFatture.csproj", "{EBE5B2A9-5CCD-4FD8-9308-4FA9C7DA3C75}"
EndProject
Project("{FAE04EC0-301F-11D3-BF4B-00C04F79EFBC}") = "CorreggiDateListini", "CorreggiDateListini\CorreggiDateListini.csproj", "{F30EE18E-0080-4221-BEFC-1A9130E33CDA}"
EndProject
Project("{FAE04EC0-301F-11D3-BF4B-00C04F79EFBC}") = "Migrazione DiBaRVL", "Migrazione DiBaRVL\Migrazione DiBaRVL.csproj", "{DD6DE603-1DF0-4EAF-9DD6-4AEAA3A42BD8}"
EndProject
Project("{FAE04EC0-301F-11D3-BF4B-00C04F79EFBC}") = "EstraiProdottiFiniti", "EstraiProdottiFiniti\EstraiProdottiFiniti.csproj", "{28C850AD-AACD-4393-BF80-96F7ADAC8B51}"
EndProject
Project("{FAE04EC0-301F-11D3-BF4B-00C04F79EFBC}") = "MigrazioneODL", "MigrazioneODL\MigrazioneODL.csproj", "{E168D0E4-0FF2-46B8-98E9-0A77514D2275}"
EndProject
Global
	GlobalSection(SolutionConfigurationPlatforms) = preSolution
		Debug|Any CPU = Debug|Any CPU
		Release|Any CPU = Release|Any CPU
	EndGlobalSection
	GlobalSection(ProjectConfigurationPlatforms) = postSolution
		{C1F99FB2-E871-4394-ACE3-EBA5EEA6CF51}.Debug|Any CPU.ActiveCfg = Debug|Any CPU
		{C1F99FB2-E871-4394-ACE3-EBA5EEA6CF51}.Debug|Any CPU.Build.0 = Debug|Any CPU
		{C1F99FB2-E871-4394-ACE3-EBA5EEA6CF51}.Release|Any CPU.ActiveCfg = Release|Any CPU
		{C1F99FB2-E871-4394-ACE3-EBA5EEA6CF51}.Release|Any CPU.Build.0 = Release|Any CPU
		{1A2FF071-6851-4CED-8851-976E881E9E9D}.Debug|Any CPU.ActiveCfg = Debug|Any CPU
		{1A2FF071-6851-4CED-8851-976E881E9E9D}.Debug|Any CPU.Build.0 = Debug|Any CPU
		{1A2FF071-6851-4CED-8851-976E881E9E9D}.Release|Any CPU.ActiveCfg = Release|Any CPU
		{1A2FF071-6851-4CED-8851-976E881E9E9D}.Release|Any CPU.Build.0 = Release|Any CPU
		{269B87B7-7CE6-4441-A66B-93B60C78B8C9}.Debug|Any CPU.ActiveCfg = Debug|Any CPU
		{269B87B7-7CE6-4441-A66B-93B60C78B8C9}.Debug|Any CPU.Build.0 = Debug|Any CPU
		{269B87B7-7CE6-4441-A66B-93B60C78B8C9}.Release|Any CPU.ActiveCfg = Release|Any CPU
		{269B87B7-7CE6-4441-A66B-93B60C78B8C9}.Release|Any CPU.Build.0 = Release|Any CPU
		{54F6C463-9F23-4199-B679-07E1E099AAE6}.Debug|Any CPU.ActiveCfg = Debug|Any CPU
		{54F6C463-9F23-4199-B679-07E1E099AAE6}.Debug|Any CPU.Build.0 = Debug|Any CPU
		{54F6C463-9F23-4199-B679-07E1E099AAE6}.Release|Any CPU.ActiveCfg = Release|Any CPU
		{54F6C463-9F23-4199-B679-07E1E099AAE6}.Release|Any CPU.Build.0 = Release|Any CPU
		{EE28EE16-BE7B-4D2B-972B-4C0607376ADE}.Debug|Any CPU.ActiveCfg = Debug|Any CPU
		{EE28EE16-BE7B-4D2B-972B-4C0607376ADE}.Debug|Any CPU.Build.0 = Debug|Any CPU
		{EE28EE16-BE7B-4D2B-972B-4C0607376ADE}.Release|Any CPU.ActiveCfg = Release|Any CPU
		{EE28EE16-BE7B-4D2B-972B-4C0607376ADE}.Release|Any CPU.Build.0 = Release|Any CPU
		{D5B7F1D5-AE8D-4BBE-B139-4255932718F6}.Debug|Any CPU.ActiveCfg = Debug|Any CPU
		{D5B7F1D5-AE8D-4BBE-B139-4255932718F6}.Debug|Any CPU.Build.0 = Debug|Any CPU
		{D5B7F1D5-AE8D-4BBE-B139-4255932718F6}.Release|Any CPU.ActiveCfg = Release|Any CPU
		{D5B7F1D5-AE8D-4BBE-B139-4255932718F6}.Release|Any CPU.Build.0 = Release|Any CPU
		{12CB20BB-2B80-4A3E-A063-DC0E45DD7C00}.Debug|Any CPU.ActiveCfg = Debug|Any CPU
		{12CB20BB-2B80-4A3E-A063-DC0E45DD7C00}.Debug|Any CPU.Build.0 = Debug|Any CPU
		{12CB20BB-2B80-4A3E-A063-DC0E45DD7C00}.Release|Any CPU.ActiveCfg = Release|Any CPU
		{12CB20BB-2B80-4A3E-A063-DC0E45DD7C00}.Release|Any CPU.Build.0 = Release|Any CPU
		{5C6A999E-4DFD-401E-8F31-9312FDA72582}.Debug|Any CPU.ActiveCfg = Debug|Any CPU
		{5C6A999E-4DFD-401E-8F31-9312FDA72582}.Debug|Any CPU.Build.0 = Debug|Any CPU
		{5C6A999E-4DFD-401E-8F31-9312FDA72582}.Release|Any CPU.ActiveCfg = Release|Any CPU
		{5C6A999E-4DFD-401E-8F31-9312FDA72582}.Release|Any CPU.Build.0 = Release|Any CPU
		{567732B7-DB27-4EB7-8B87-FCB5E98245AF}.Debug|Any CPU.ActiveCfg = Debug|Any CPU
		{567732B7-DB27-4EB7-8B87-FCB5E98245AF}.Debug|Any CPU.Build.0 = Debug|Any CPU
		{567732B7-DB27-4EB7-8B87-FCB5E98245AF}.Release|Any CPU.ActiveCfg = Release|Any CPU
		{567732B7-DB27-4EB7-8B87-FCB5E98245AF}.Release|Any CPU.Build.0 = Release|Any CPU
		{F46F17BA-B13A-4567-A59F-3C1F1F42EF0F}.Debug|Any CPU.ActiveCfg = Debug|Any CPU
		{F46F17BA-B13A-4567-A59F-3C1F1F42EF0F}.Debug|Any CPU.Build.0 = Debug|Any CPU
		{F46F17BA-B13A-4567-A59F-3C1F1F42EF0F}.Release|Any CPU.ActiveCfg = Release|Any CPU
		{F46F17BA-B13A-4567-A59F-3C1F1F42EF0F}.Release|Any CPU.Build.0 = Release|Any CPU
		{AC6DBB31-E034-48B9-A242-EF174F575B0D}.Debug|Any CPU.ActiveCfg = Debug|Any CPU
		{AC6DBB31-E034-48B9-A242-EF174F575B0D}.Debug|Any CPU.Build.0 = Debug|Any CPU
		{AC6DBB31-E034-48B9-A242-EF174F575B0D}.Release|Any CPU.ActiveCfg = Release|Any CPU
		{AC6DBB31-E034-48B9-A242-EF174F575B0D}.Release|Any CPU.Build.0 = Release|Any CPU
		{8192714C-2470-434E-91D2-52BD58D84758}.Debug|Any CPU.ActiveCfg = Debug|Any CPU
		{8192714C-2470-434E-91D2-52BD58D84758}.Debug|Any CPU.Build.0 = Debug|Any CPU
		{8192714C-2470-434E-91D2-52BD58D84758}.Release|Any CPU.ActiveCfg = Release|Any CPU
		{8192714C-2470-434E-91D2-52BD58D84758}.Release|Any CPU.Build.0 = Release|Any CPU
		{05089BFB-FD4A-416E-8998-F32F947D6A99}.Debug|Any CPU.ActiveCfg = Debug|Any CPU
		{05089BFB-FD4A-416E-8998-F32F947D6A99}.Debug|Any CPU.Build.0 = Debug|Any CPU
		{05089BFB-FD4A-416E-8998-F32F947D6A99}.Release|Any CPU.ActiveCfg = Release|Any CPU
		{05089BFB-FD4A-416E-8998-F32F947D6A99}.Release|Any CPU.Build.0 = Release|Any CPU
		{A6D55645-3D7D-40DF-9578-69E39CD70ED7}.Debug|Any CPU.ActiveCfg = Debug|Any CPU
		{A6D55645-3D7D-40DF-9578-69E39CD70ED7}.Debug|Any CPU.Build.0 = Debug|Any CPU
		{A6D55645-3D7D-40DF-9578-69E39CD70ED7}.Release|Any CPU.ActiveCfg = Release|Any CPU
		{A6D55645-3D7D-40DF-9578-69E39CD70ED7}.Release|Any CPU.Build.0 = Release|Any CPU
		{ADD30CDE-2A62-465B-8542-D109E09B97A4}.Debug|Any CPU.ActiveCfg = Debug|Any CPU
		{ADD30CDE-2A62-465B-8542-D109E09B97A4}.Debug|Any CPU.Build.0 = Debug|Any CPU
		{ADD30CDE-2A62-465B-8542-D109E09B97A4}.Release|Any CPU.ActiveCfg = Release|Any CPU
		{ADD30CDE-2A62-465B-8542-D109E09B97A4}.Release|Any CPU.Build.0 = Release|Any CPU
		{90D6F77E-4E32-453A-B04F-25078141F618}.Debug|Any CPU.ActiveCfg = Debug|Any CPU
		{90D6F77E-4E32-453A-B04F-25078141F618}.Debug|Any CPU.Build.0 = Debug|Any CPU
		{90D6F77E-4E32-453A-B04F-25078141F618}.Release|Any CPU.ActiveCfg = Release|Any CPU
		{90D6F77E-4E32-453A-B04F-25078141F618}.Release|Any CPU.Build.0 = Release|Any CPU
		{158709E9-4A2C-4712-BB99-D773F4DB7455}.Debug|Any CPU.ActiveCfg = Debug|Any CPU
		{158709E9-4A2C-4712-BB99-D773F4DB7455}.Debug|Any CPU.Build.0 = Debug|Any CPU
		{158709E9-4A2C-4712-BB99-D773F4DB7455}.Release|Any CPU.ActiveCfg = Release|Any CPU
		{158709E9-4A2C-4712-BB99-D773F4DB7455}.Release|Any CPU.Build.0 = Release|Any CPU
		{05C9B736-F5C1-46A6-BEB3-C086AE96FFA5}.Debug|Any CPU.ActiveCfg = Debug|Any CPU
		{05C9B736-F5C1-46A6-BEB3-C086AE96FFA5}.Debug|Any CPU.Build.0 = Debug|Any CPU
		{05C9B736-F5C1-46A6-BEB3-C086AE96FFA5}.Release|Any CPU.ActiveCfg = Release|Any CPU
		{05C9B736-F5C1-46A6-BEB3-C086AE96FFA5}.Release|Any CPU.Build.0 = Release|Any CPU
		{1FF496E8-9FAE-454E-B8D2-069EF8628098}.Debug|Any CPU.ActiveCfg = Debug|Any CPU
		{1FF496E8-9FAE-454E-B8D2-069EF8628098}.Debug|Any CPU.Build.0 = Debug|Any CPU
		{1FF496E8-9FAE-454E-B8D2-069EF8628098}.Release|Any CPU.ActiveCfg = Release|Any CPU
		{1FF496E8-9FAE-454E-B8D2-069EF8628098}.Release|Any CPU.Build.0 = Release|Any CPU
		{EBE5B2A9-5CCD-4FD8-9308-4FA9C7DA3C75}.Debug|Any CPU.ActiveCfg = Debug|Any CPU
		{EBE5B2A9-5CCD-4FD8-9308-4FA9C7DA3C75}.Debug|Any CPU.Build.0 = Debug|Any CPU
		{EBE5B2A9-5CCD-4FD8-9308-4FA9C7DA3C75}.Release|Any CPU.ActiveCfg = Release|Any CPU
		{EBE5B2A9-5CCD-4FD8-9308-4FA9C7DA3C75}.Release|Any CPU.Build.0 = Release|Any CPU
		{F30EE18E-0080-4221-BEFC-1A9130E33CDA}.Debug|Any CPU.ActiveCfg = Debug|Any CPU
		{F30EE18E-0080-4221-BEFC-1A9130E33CDA}.Debug|Any CPU.Build.0 = Debug|Any CPU
		{F30EE18E-0080-4221-BEFC-1A9130E33CDA}.Release|Any CPU.ActiveCfg = Release|Any CPU
		{F30EE18E-0080-4221-BEFC-1A9130E33CDA}.Release|Any CPU.Build.0 = Release|Any CPU
		{DD6DE603-1DF0-4EAF-9DD6-4AEAA3A42BD8}.Debug|Any CPU.ActiveCfg = Debug|Any CPU
		{DD6DE603-1DF0-4EAF-9DD6-4AEAA3A42BD8}.Debug|Any CPU.Build.0 = Debug|Any CPU
		{DD6DE603-1DF0-4EAF-9DD6-4AEAA3A42BD8}.Release|Any CPU.ActiveCfg = Release|Any CPU
		{DD6DE603-1DF0-4EAF-9DD6-4AEAA3A42BD8}.Release|Any CPU.Build.0 = Release|Any CPU
		{28C850AD-AACD-4393-BF80-96F7ADAC8B51}.Debug|Any CPU.ActiveCfg = Debug|Any CPU
		{28C850AD-AACD-4393-BF80-96F7ADAC8B51}.Debug|Any CPU.Build.0 = Debug|Any CPU
		{28C850AD-AACD-4393-BF80-96F7ADAC8B51}.Release|Any CPU.ActiveCfg = Release|Any CPU
		{28C850AD-AACD-4393-BF80-96F7ADAC8B51}.Release|Any CPU.Build.0 = Release|Any CPU
		{E168D0E4-0FF2-46B8-98E9-0A77514D2275}.Debug|Any CPU.ActiveCfg = Debug|Any CPU
		{E168D0E4-0FF2-46B8-98E9-0A77514D2275}.Debug|Any CPU.Build.0 = Debug|Any CPU
		{E168D0E4-0FF2-46B8-98E9-0A77514D2275}.Release|Any CPU.ActiveCfg = Release|Any CPU
		{E168D0E4-0FF2-46B8-98E9-0A77514D2275}.Release|Any CPU.Build.0 = Release|Any CPU
	EndGlobalSection
	GlobalSection(SolutionProperties) = preSolution
		HideSolutionNode = FALSE
	EndGlobalSection
	GlobalSection(ExtensibilityGlobals) = postSolution
		SolutionGuid = {06EAA3C5-7B94-4F07-851A-427B1354A034}
	EndGlobalSection
EndGlobal
